
Microsoft Visual Studio Solution File, Format Version 12.00
# Visual Studio 15
Project("{FAE04EC0-301F-11D3-BF4B-00C04F79EFBC}") = "SkiaSharpSvgImage.Android", "SkiaSharpSvgImage.Android\SkiaSharpSvgImage.Android.csproj", "{FFAF3CB6-8913-4A8C-8D48-DE3D609432A6}"
EndProject
Project("{FAE04EC0-301F-11D3-BF4B-00C04F79EFBC}") = "SkiaSharpSvgImage.iOS", "SkiaSharpSvgImage.iOS\SkiaSharpSvgImage.iOS.csproj", "{FA264CD2-0F1C-46A2-BCF3-AE617C13A224}"
EndProject
Project("{FAE04EC0-301F-11D3-BF4B-00C04F79EFBC}") = "SkiaSharpSvgImage", "SkiaSharpSvgImage\SkiaSharpSvgImage.csproj", "{09BA8B5D-F2D3-4EAC-B52E-E7EB3BCEC75B}"
EndProject
Global
	GlobalSection(SolutionConfigurationPlatforms) = preSolution
		Debug|Any CPU = Debug|Any CPU
		Release|Any CPU = Release|Any CPU
		Debug|iPhoneSimulator = Debug|iPhoneSimulator
		Release|iPhoneSimulator = Release|iPhoneSimulator
		Debug|iPhone = Debug|iPhone
		Release|iPhone = Release|iPhone
		Ad-Hoc|iPhone = Ad-Hoc|iPhone
		AppStore|iPhone = AppStore|iPhone
	EndGlobalSection
	GlobalSection(ProjectConfigurationPlatforms) = postSolution
		{FFAF3CB6-8913-4A8C-8D48-DE3D609432A6}.Debug|Any CPU.ActiveCfg = Debug|Any CPU
		{FFAF3CB6-8913-4A8C-8D48-DE3D609432A6}.Debug|Any CPU.Build.0 = Debug|Any CPU
		{FFAF3CB6-8913-4A8C-8D48-DE3D609432A6}.Release|Any CPU.ActiveCfg = Release|Any CPU
		{FFAF3CB6-8913-4A8C-8D48-DE3D609432A6}.Release|Any CPU.Build.0 = Release|Any CPU
		{FFAF3CB6-8913-4A8C-8D48-DE3D609432A6}.Debug|iPhoneSimulator.ActiveCfg = Debug|Any CPU
		{FFAF3CB6-8913-4A8C-8D48-DE3D609432A6}.Debug|iPhoneSimulator.Build.0 = Debug|Any CPU
		{FFAF3CB6-8913-4A8C-8D48-DE3D609432A6}.Release|iPhoneSimulator.ActiveCfg = Release|Any CPU
		{FFAF3CB6-8913-4A8C-8D48-DE3D609432A6}.Release|iPhoneSimulator.Build.0 = Release|Any CPU
		{FFAF3CB6-8913-4A8C-8D48-DE3D609432A6}.Debug|iPhone.ActiveCfg = Debug|Any CPU
		{FFAF3CB6-8913-4A8C-8D48-DE3D609432A6}.Debug|iPhone.Build.0 = Debug|Any CPU
		{FFAF3CB6-8913-4A8C-8D48-DE3D609432A6}.Release|iPhone.ActiveCfg = Release|Any CPU
		{FFAF3CB6-8913-4A8C-8D48-DE3D609432A6}.Release|iPhone.Build.0 = Release|Any CPU
		{FFAF3CB6-8913-4A8C-8D48-DE3D609432A6}.Ad-Hoc|iPhone.ActiveCfg = Debug|Any CPU
		{FFAF3CB6-8913-4A8C-8D48-DE3D609432A6}.Ad-Hoc|iPhone.Build.0 = Debug|Any CPU
		{FFAF3CB6-8913-4A8C-8D48-DE3D609432A6}.AppStore|iPhone.ActiveCfg = Debug|Any CPU
		{FFAF3CB6-8913-4A8C-8D48-DE3D609432A6}.AppStore|iPhone.Build.0 = Debug|Any CPU
		{FA264CD2-0F1C-46A2-BCF3-AE617C13A224}.Debug|Any CPU.ActiveCfg = Debug|iPhoneSimulator
		{FA264CD2-0F1C-46A2-BCF3-AE617C13A224}.Debug|Any CPU.Build.0 = Debug|iPhoneSimulator
		{FA264CD2-0F1C-46A2-BCF3-AE617C13A224}.Release|Any CPU.ActiveCfg = Release|iPhoneSimulator
		{FA264CD2-0F1C-46A2-BCF3-AE617C13A224}.Release|Any CPU.Build.0 = Release|iPhoneSimulator
		{FA264CD2-0F1C-46A2-BCF3-AE617C13A224}.Debug|iPhoneSimulator.ActiveCfg = Debug|iPhoneSimulator
		{FA264CD2-0F1C-46A2-BCF3-AE617C13A224}.Debug|iPhoneSimulator.Build.0 = Debug|iPhoneSimulator
		{FA264CD2-0F1C-46A2-BCF3-AE617C13A224}.Release|iPhoneSimulator.ActiveCfg = Release|iPhoneSimulator
		{FA264CD2-0F1C-46A2-BCF3-AE617C13A224}.Release|iPhoneSimulator.Build.0 = Release|iPhoneSimulator
		{FA264CD2-0F1C-46A2-BCF3-AE617C13A224}.Debug|iPhone.ActiveCfg = Debug|iPhone
		{FA264CD2-0F1C-46A2-BCF3-AE617C13A224}.Debug|iPhone.Build.0 = Debug|iPhone
		{FA264CD2-0F1C-46A2-BCF3-AE617C13A224}.Release|iPhone.ActiveCfg = Release|iPhone
		{FA264CD2-0F1C-46A2-BCF3-AE617C13A224}.Release|iPhone.Build.0 = Release|iPhone
		{FA264CD2-0F1C-46A2-BCF3-AE617C13A224}.Ad-Hoc|iPhone.ActiveCfg = Ad-Hoc|iPhone
		{FA264CD2-0F1C-46A2-BCF3-AE617C13A224}.Ad-Hoc|iPhone.Build.0 = Ad-Hoc|iPhone
		{FA264CD2-0F1C-46A2-BCF3-AE617C13A224}.AppStore|iPhone.ActiveCfg = AppStore|iPhone
		{FA264CD2-0F1C-46A2-BCF3-AE617C13A224}.AppStore|iPhone.Build.0 = AppStore|iPhone
		{09BA8B5D-F2D3-4EAC-B52E-E7EB3BCEC75B}.Debug|Any CPU.ActiveCfg = Debug|Any CPU
		{09BA8B5D-F2D3-4EAC-B52E-E7EB3BCEC75B}.Debug|Any CPU.Build.0 = Debug|Any CPU
		{09BA8B5D-F2D3-4EAC-B52E-E7EB3BCEC75B}.Release|Any CPU.ActiveCfg = Release|Any CPU
		{09BA8B5D-F2D3-4EAC-B52E-E7EB3BCEC75B}.Release|Any CPU.Build.0 = Release|Any CPU
		{09BA8B5D-F2D3-4EAC-B52E-E7EB3BCEC75B}.Debug|iPhoneSimulator.ActiveCfg = Debug|Any CPU
		{09BA8B5D-F2D3-4EAC-B52E-E7EB3BCEC75B}.Debug|iPhoneSimulator.Build.0 = Debug|Any CPU
		{09BA8B5D-F2D3-4EAC-B52E-E7EB3BCEC75B}.Release|iPhoneSimulator.ActiveCfg = Release|Any CPU
		{09BA8B5D-F2D3-4EAC-B52E-E7EB3BCEC75B}.Release|iPhoneSimulator.Build.0 = Release|Any CPU
		{09BA8B5D-F2D3-4EAC-B52E-E7EB3BCEC75B}.Debug|iPhone.ActiveCfg = Debug|Any CPU
		{09BA8B5D-F2D3-4EAC-B52E-E7EB3BCEC75B}.Debug|iPhone.Build.0 = Debug|Any CPU
		{09BA8B5D-F2D3-4EAC-B52E-E7EB3BCEC75B}.Release|iPhone.ActiveCfg = Release|Any CPU
		{09BA8B5D-F2D3-4EAC-B52E-E7EB3BCEC75B}.Release|iPhone.Build.0 = Release|Any CPU
		{09BA8B5D-F2D3-4EAC-B52E-E7EB3BCEC75B}.Ad-Hoc|iPhone.ActiveCfg = Debug|Any CPU
		{09BA8B5D-F2D3-4EAC-B52E-E7EB3BCEC75B}.Ad-Hoc|iPhone.Build.0 = Debug|Any CPU
		{09BA8B5D-F2D3-4EAC-B52E-E7EB3BCEC75B}.AppStore|iPhone.ActiveCfg = Debug|Any CPU
		{09BA8B5D-F2D3-4EAC-B52E-E7EB3BCEC75B}.AppStore|iPhone.Build.0 = Debug|Any CPU
	EndGlobalSection
EndGlobal
